
Microsoft Visual Studio Solution File, Format Version 12.00
# Visual Studio Version 16
VisualStudioVersion = 16.0.29409.12
MinimumVisualStudioVersion = 10.0.40219.1
Project("{8BC9CEB8-8B4A-11D0-8D11-00A0C91BC942}") = "Aufgabe1", "Aufgabe1\Aufgabe1.vcxproj", "{4990AFE0-D3C0-4FDE-A55C-FB1F6EF47C0E}"
EndProject
Project("{8BC9CEB8-8B4A-11D0-8D11-00A0C91BC942}") = "cgtools", "cgtools\cgtools.vcxitems", "{9B9D2A86-4BAD-4AFB-97D0-B8BEA0486E1D}"
EndProject
Project("{FAE04EC0-301F-11D3-BF4B-00C04F79EFBC}") = "RayTracerInterface", "RayTracerInterface\RayTracerInterface.csproj", "{07817F54-BB98-437F-9AD4-187B32E3E740}"
EndProject
Project("{FAE04EC0-301F-11D3-BF4B-00C04F79EFBC}") = "DLL Tester", "DLL Tester\DLL Tester.csproj", "{C869BBDD-0E5B-4CA4-9C21-275A986A5F54}"
EndProject
Project("{8BC9CEB8-8B4A-11D0-8D11-00A0C91BC942}") = "DLLFiles", "DLLFiles\DLLFiles.vcxitems", "{BFC32BDC-D89C-41EE-8321-2DAFF3325352}"
EndProject
Project("{8BC9CEB8-8B4A-11D0-8D11-00A0C91BC942}") = "Aufgabe2", "Aufgabe2\Aufgabe2.vcxproj", "{EFD94D21-23FD-4B80-A138-DD76F0B53B99}"
EndProject
Project("{8BC9CEB8-8B4A-11D0-8D11-00A0C91BC942}") = "Aufgabe3", "Aufgabe3\Aufgabe3.vcxproj", "{DB4550FB-B9AA-485C-B006-CBE2AB116148}"
EndProject
Project("{8BC9CEB8-8B4A-11D0-8D11-00A0C91BC942}") = "3DTools", "3DTools\3DTools.vcxitems", "{9BF4893B-6393-4894-BD45-843434D54CBF}"
EndProject
Project("{8BC9CEB8-8B4A-11D0-8D11-00A0C91BC942}") = "A3 Validator", "A3 Validator\A3 Validator.vcxproj", "{DCD05BDA-741C-41E7-9B38-3E5035AA252B}"
EndProject
Project("{8BC9CEB8-8B4A-11D0-8D11-00A0C91BC942}") = "DLL3D", "3DDLL\3DDLL.vcxitems", "{01B9F5D2-0DE1-4F3F-B989-2A47E727BF11}"
EndProject
Project("{8BC9CEB8-8B4A-11D0-8D11-00A0C91BC942}") = "Aufgabe4", "Aufgabe4\Aufgabe4.vcxproj", "{6B4DBC8C-7192-4E18-A999-3EE6F8D304AF}"
EndProject
Project("{8BC9CEB8-8B4A-11D0-8D11-00A0C91BC942}") = "WPFDarkMode", "WPFDarkMode\WPFDarkMode.vcxproj", "{A295DF02-722B-4234-A354-BCA28D933912}"
EndProject
Project("{8BC9CEB8-8B4A-11D0-8D11-00A0C91BC942}") = "A4Tester", "A4Tester\A4Tester.vcxproj", "{1674BE46-F0E6-461D-8E47-C2E71411B45A}"
EndProject
Project("{8BC9CEB8-8B4A-11D0-8D11-00A0C91BC942}") = "3DTest", "3DTest\3DTest.vcxproj", "{17AF6FFF-1768-419E-9C52-35BADD2420EE}"
EndProject
Project("{8BC9CEB8-8B4A-11D0-8D11-00A0C91BC942}") = "Aufgabe5", "Aufgabe5\Aufgabe5.vcxproj", "{CA7AAA96-E63F-4EBF-AC55-9E1D452561BB}"
EndProject
Project("{8BC9CEB8-8B4A-11D0-8D11-00A0C91BC942}") = "Aufgabe6", "Aufgabe6\Aufgabe6.vcxproj", "{AD363638-C359-4A00-A7D6-A5DD56CA2ACC}"
EndProject
Project("{8BC9CEB8-8B4A-11D0-8D11-00A0C91BC942}") = "A6Tester", "A6Tester\A6Tester.vcxproj", "{E77DDCB3-8542-4A59-99CB-84A3D12918B5}"
EndProject
Project("{8BC9CEB8-8B4A-11D0-8D11-00A0C91BC942}") = "RandomGeneratorGrapher", "RandomGeneratorGrapher\RandomGeneratorGrapher.vcxproj", "{92C9E169-F16C-4222-9A6A-02EFDD51C9C0}"
EndProject
Project("{8BC9CEB8-8B4A-11D0-8D11-00A0C91BC942}") = "DLLAbortable", "Abortable\Abortable.vcxitems", "{F0B86903-6171-4BA1-AFEA-3DFC7E02A555}"
EndProject
Project("{8BC9CEB8-8B4A-11D0-8D11-00A0C91BC942}") = "DLLResumableAndPersistant", "DLLResumableAndPersistant\DLLResumableAndPersistant.vcxitems", "{F367E9A9-4718-4063-8C18-062B9F608AFD}"
EndProject
Project("{8BC9CEB8-8B4A-11D0-8D11-00A0C91BC942}") = "Aufgabe7", "Aufgabe7\Aufgabe7.vcxproj", "{2AB663D5-4BFB-4E03-A37D-FE9C160B5F88}"
EndProject
Project("{8BC9CEB8-8B4A-11D0-8D11-00A0C91BC942}") = "LinuxDistro", "LinuxDistro\LinuxDistro.vcxproj", "{69205834-E49C-44C0-ABB4-120B2728516C}"
EndProject
Project("{8BC9CEB8-8B4A-11D0-8D11-00A0C91BC942}") = "DLLTransformer", "DLLTransformer\DLLTransformer.vcxitems", "{455B1B92-4075-4329-B4A3-6DB7086AEDE3}"
EndProject
Project("{8BC9CEB8-8B4A-11D0-8D11-00A0C91BC942}") = "A7Tester", "A7Tester\A7Tester.vcxproj", "{FC524BFF-6E82-43A3-869D-DF20D705C8EA}"
EndProject
Project("{8BC9CEB8-8B4A-11D0-8D11-00A0C91BC942}") = "Aufgabe8", "Aufgabe8\Aufgabe8.vcxproj", "{58BA8F3B-C111-41D9-9A7C-EAAE7E248396}"
EndProject
Global
	GlobalSection(SharedMSBuildProjectFiles) = preSolution
		3DDLL\3DDLL.vcxitems*{01b9f5d2-0de1-4f3f-b989-2a47e727bf11}*SharedItemsImports = 9
		3DDLL\3DDLL.vcxitems*{1674be46-f0e6-461d-8e47-c2e71411b45a}*SharedItemsImports = 4
		3DTools\3DTools.vcxitems*{1674be46-f0e6-461d-8e47-c2e71411b45a}*SharedItemsImports = 4
		cgtools\cgtools.vcxitems*{1674be46-f0e6-461d-8e47-c2e71411b45a}*SharedItemsImports = 4
		DLLFiles\DLLFiles.vcxitems*{1674be46-f0e6-461d-8e47-c2e71411b45a}*SharedItemsImports = 4
		3DDLL\3DDLL.vcxitems*{17af6fff-1768-419e-9c52-35badd2420ee}*SharedItemsImports = 4
		3DTools\3DTools.vcxitems*{17af6fff-1768-419e-9c52-35badd2420ee}*SharedItemsImports = 4
		cgtools\cgtools.vcxitems*{17af6fff-1768-419e-9c52-35badd2420ee}*SharedItemsImports = 4
		DLLFiles\DLLFiles.vcxitems*{17af6fff-1768-419e-9c52-35badd2420ee}*SharedItemsImports = 4
		3DDLL\3DDLL.vcxitems*{2ab663d5-4bfb-4e03-a37d-fe9c160b5f88}*SharedItemsImports = 4
		3DTools\3DTools.vcxitems*{2ab663d5-4bfb-4e03-a37d-fe9c160b5f88}*SharedItemsImports = 4
		Abortable\Abortable.vcxitems*{2ab663d5-4bfb-4e03-a37d-fe9c160b5f88}*SharedItemsImports = 4
		cgtools\cgtools.vcxitems*{2ab663d5-4bfb-4e03-a37d-fe9c160b5f88}*SharedItemsImports = 4
		DLLFiles\DLLFiles.vcxitems*{2ab663d5-4bfb-4e03-a37d-fe9c160b5f88}*SharedItemsImports = 4
		DLLTransformer\DLLTransformer.vcxitems*{2ab663d5-4bfb-4e03-a37d-fe9c160b5f88}*SharedItemsImports = 4
		DLLTransformer\DLLTransformer.vcxitems*{455b1b92-4075-4329-b4a3-6db7086aede3}*SharedItemsImports = 9
		cgtools\cgtools.vcxitems*{4990afe0-d3c0-4fde-a55c-fb1f6ef47c0e}*SharedItemsImports = 4
		DLLFiles\DLLFiles.vcxitems*{4990afe0-d3c0-4fde-a55c-fb1f6ef47c0e}*SharedItemsImports = 4
		3DDLL\3DDLL.vcxitems*{69205834-e49c-44c0-abb4-120b2728516c}*SharedItemsImports = 4
		3DTools\3DTools.vcxitems*{69205834-e49c-44c0-abb4-120b2728516c}*SharedItemsImports = 4
		Abortable\Abortable.vcxitems*{69205834-e49c-44c0-abb4-120b2728516c}*SharedItemsImports = 4
		cgtools\cgtools.vcxitems*{69205834-e49c-44c0-abb4-120b2728516c}*SharedItemsImports = 4
		DLLFiles\DLLFiles.vcxitems*{69205834-e49c-44c0-abb4-120b2728516c}*SharedItemsImports = 4
		3DDLL\3DDLL.vcxitems*{6b4dbc8c-7192-4e18-a999-3ee6f8d304af}*SharedItemsImports = 4
		3DTools\3DTools.vcxitems*{6b4dbc8c-7192-4e18-a999-3ee6f8d304af}*SharedItemsImports = 4
		cgtools\cgtools.vcxitems*{6b4dbc8c-7192-4e18-a999-3ee6f8d304af}*SharedItemsImports = 4
		DLLFiles\DLLFiles.vcxitems*{6b4dbc8c-7192-4e18-a999-3ee6f8d304af}*SharedItemsImports = 4
		cgtools\cgtools.vcxitems*{9b9d2a86-4bad-4afb-97d0-b8bea0486e1d}*SharedItemsImports = 9
		3DTools\3DTools.vcxitems*{9bf4893b-6393-4894-bd45-843434d54cbf}*SharedItemsImports = 9
		3DDLL\3DDLL.vcxitems*{ad363638-c359-4a00-a7d6-a5dd56ca2acc}*SharedItemsImports = 4
		3DTools\3DTools.vcxitems*{ad363638-c359-4a00-a7d6-a5dd56ca2acc}*SharedItemsImports = 4
		Abortable\Abortable.vcxitems*{ad363638-c359-4a00-a7d6-a5dd56ca2acc}*SharedItemsImports = 4
		cgtools\cgtools.vcxitems*{ad363638-c359-4a00-a7d6-a5dd56ca2acc}*SharedItemsImports = 4
		DLLFiles\DLLFiles.vcxitems*{ad363638-c359-4a00-a7d6-a5dd56ca2acc}*SharedItemsImports = 4
		DLLFiles\DLLFiles.vcxitems*{bfc32bdc-d89c-41ee-8321-2daff3325352}*SharedItemsImports = 9
		3DDLL\3DDLL.vcxitems*{ca7aaa96-e63f-4ebf-ac55-9e1d452561bb}*SharedItemsImports = 4
		3DTools\3DTools.vcxitems*{ca7aaa96-e63f-4ebf-ac55-9e1d452561bb}*SharedItemsImports = 4
		cgtools\cgtools.vcxitems*{ca7aaa96-e63f-4ebf-ac55-9e1d452561bb}*SharedItemsImports = 4
		DLLFiles\DLLFiles.vcxitems*{ca7aaa96-e63f-4ebf-ac55-9e1d452561bb}*SharedItemsImports = 4
		3DTools\3DTools.vcxitems*{db4550fb-b9aa-485c-b006-cbe2ab116148}*SharedItemsImports = 4
		cgtools\cgtools.vcxitems*{db4550fb-b9aa-485c-b006-cbe2ab116148}*SharedItemsImports = 4
		DLLFiles\DLLFiles.vcxitems*{db4550fb-b9aa-485c-b006-cbe2ab116148}*SharedItemsImports = 4
		3DTools\3DTools.vcxitems*{dcd05bda-741c-41e7-9b38-3e5035aa252b}*SharedItemsImports = 4
		cgtools\cgtools.vcxitems*{dcd05bda-741c-41e7-9b38-3e5035aa252b}*SharedItemsImports = 4
		DLLFiles\DLLFiles.vcxitems*{dcd05bda-741c-41e7-9b38-3e5035aa252b}*SharedItemsImports = 4
		3DDLL\3DDLL.vcxitems*{e77ddcb3-8542-4a59-99cb-84a3d12918b5}*SharedItemsImports = 4
		3DTools\3DTools.vcxitems*{e77ddcb3-8542-4a59-99cb-84a3d12918b5}*SharedItemsImports = 4
		cgtools\cgtools.vcxitems*{e77ddcb3-8542-4a59-99cb-84a3d12918b5}*SharedItemsImports = 4
		DLLFiles\DLLFiles.vcxitems*{e77ddcb3-8542-4a59-99cb-84a3d12918b5}*SharedItemsImports = 4
		cgtools\cgtools.vcxitems*{efd94d21-23fd-4b80-a138-dd76f0b53b99}*SharedItemsImports = 4
		DLLFiles\DLLFiles.vcxitems*{efd94d21-23fd-4b80-a138-dd76f0b53b99}*SharedItemsImports = 4
		Abortable\Abortable.vcxitems*{f0b86903-6171-4ba1-afea-3dfc7e02a555}*SharedItemsImports = 9
		DLLResumableAndPersistant\DLLResumableAndPersistant.vcxitems*{f367e9a9-4718-4063-8c18-062b9f608afd}*SharedItemsImports = 9
		3DDLL\3DDLL.vcxitems*{fc524bff-6e82-43a3-869d-df20d705c8ea}*SharedItemsImports = 4
		3DTools\3DTools.vcxitems*{fc524bff-6e82-43a3-869d-df20d705c8ea}*SharedItemsImports = 4
		cgtools\cgtools.vcxitems*{fc524bff-6e82-43a3-869d-df20d705c8ea}*SharedItemsImports = 4
		DLLFiles\DLLFiles.vcxitems*{fc524bff-6e82-43a3-869d-df20d705c8ea}*SharedItemsImports = 4
		DLLTransformer\DLLTransformer.vcxitems*{fc524bff-6e82-43a3-869d-df20d705c8ea}*SharedItemsImports = 4
	EndGlobalSection
	GlobalSection(SolutionConfigurationPlatforms) = preSolution
		Debug|Any CPU = Debug|Any CPU
		Debug|ARM = Debug|ARM
		Debug|ARM64 = Debug|ARM64
		Debug|x64 = Debug|x64
		Debug|x86 = Debug|x86
		Release|Any CPU = Release|Any CPU
		Release|ARM = Release|ARM
		Release|ARM64 = Release|ARM64
		Release|x64 = Release|x64
		Release|x86 = Release|x86
	EndGlobalSection
	GlobalSection(ProjectConfigurationPlatforms) = postSolution
		{4990AFE0-D3C0-4FDE-A55C-FB1F6EF47C0E}.Debug|Any CPU.ActiveCfg = Debug|Win32
		{4990AFE0-D3C0-4FDE-A55C-FB1F6EF47C0E}.Debug|ARM.ActiveCfg = Debug|Win32
		{4990AFE0-D3C0-4FDE-A55C-FB1F6EF47C0E}.Debug|ARM64.ActiveCfg = Debug|Win32
		{4990AFE0-D3C0-4FDE-A55C-FB1F6EF47C0E}.Debug|x64.ActiveCfg = Debug|x64
		{4990AFE0-D3C0-4FDE-A55C-FB1F6EF47C0E}.Debug|x64.Build.0 = Debug|x64
		{4990AFE0-D3C0-4FDE-A55C-FB1F6EF47C0E}.Debug|x86.ActiveCfg = Debug|Win32
		{4990AFE0-D3C0-4FDE-A55C-FB1F6EF47C0E}.Debug|x86.Build.0 = Debug|Win32
		{4990AFE0-D3C0-4FDE-A55C-FB1F6EF47C0E}.Release|Any CPU.ActiveCfg = Release|Win32
		{4990AFE0-D3C0-4FDE-A55C-FB1F6EF47C0E}.Release|ARM.ActiveCfg = Release|Win32
		{4990AFE0-D3C0-4FDE-A55C-FB1F6EF47C0E}.Release|ARM64.ActiveCfg = Release|Win32
		{4990AFE0-D3C0-4FDE-A55C-FB1F6EF47C0E}.Release|x64.ActiveCfg = Release|x64
		{4990AFE0-D3C0-4FDE-A55C-FB1F6EF47C0E}.Release|x64.Build.0 = Release|x64
		{4990AFE0-D3C0-4FDE-A55C-FB1F6EF47C0E}.Release|x86.ActiveCfg = Release|Win32
		{4990AFE0-D3C0-4FDE-A55C-FB1F6EF47C0E}.Release|x86.Build.0 = Release|Win32
		{07817F54-BB98-437F-9AD4-187B32E3E740}.Debug|Any CPU.ActiveCfg = Debug|Any CPU
		{07817F54-BB98-437F-9AD4-187B32E3E740}.Debug|Any CPU.Build.0 = Debug|Any CPU
		{07817F54-BB98-437F-9AD4-187B32E3E740}.Debug|ARM.ActiveCfg = Debug|Any CPU
		{07817F54-BB98-437F-9AD4-187B32E3E740}.Debug|ARM.Build.0 = Debug|Any CPU
		{07817F54-BB98-437F-9AD4-187B32E3E740}.Debug|ARM64.ActiveCfg = Debug|Any CPU
		{07817F54-BB98-437F-9AD4-187B32E3E740}.Debug|ARM64.Build.0 = Debug|Any CPU
		{07817F54-BB98-437F-9AD4-187B32E3E740}.Debug|x64.ActiveCfg = Debug|Any CPU
		{07817F54-BB98-437F-9AD4-187B32E3E740}.Debug|x64.Build.0 = Debug|Any CPU
		{07817F54-BB98-437F-9AD4-187B32E3E740}.Debug|x86.ActiveCfg = Debug|Any CPU
		{07817F54-BB98-437F-9AD4-187B32E3E740}.Debug|x86.Build.0 = Debug|Any CPU
		{07817F54-BB98-437F-9AD4-187B32E3E740}.Release|Any CPU.ActiveCfg = Release|Any CPU
		{07817F54-BB98-437F-9AD4-187B32E3E740}.Release|Any CPU.Build.0 = Release|Any CPU
		{07817F54-BB98-437F-9AD4-187B32E3E740}.Release|ARM.ActiveCfg = Release|Any CPU
		{07817F54-BB98-437F-9AD4-187B32E3E740}.Release|ARM.Build.0 = Release|Any CPU
		{07817F54-BB98-437F-9AD4-187B32E3E740}.Release|ARM64.ActiveCfg = Release|Any CPU
		{07817F54-BB98-437F-9AD4-187B32E3E740}.Release|ARM64.Build.0 = Release|Any CPU
		{07817F54-BB98-437F-9AD4-187B32E3E740}.Release|x64.ActiveCfg = Release|Any CPU
		{07817F54-BB98-437F-9AD4-187B32E3E740}.Release|x64.Build.0 = Release|Any CPU
		{07817F54-BB98-437F-9AD4-187B32E3E740}.Release|x86.ActiveCfg = Release|Any CPU
		{07817F54-BB98-437F-9AD4-187B32E3E740}.Release|x86.Build.0 = Release|Any CPU
		{C869BBDD-0E5B-4CA4-9C21-275A986A5F54}.Debug|Any CPU.ActiveCfg = Debug|Any CPU
		{C869BBDD-0E5B-4CA4-9C21-275A986A5F54}.Debug|Any CPU.Build.0 = Debug|Any CPU
		{C869BBDD-0E5B-4CA4-9C21-275A986A5F54}.Debug|ARM.ActiveCfg = Debug|Any CPU
		{C869BBDD-0E5B-4CA4-9C21-275A986A5F54}.Debug|ARM.Build.0 = Debug|Any CPU
		{C869BBDD-0E5B-4CA4-9C21-275A986A5F54}.Debug|ARM64.ActiveCfg = Debug|Any CPU
		{C869BBDD-0E5B-4CA4-9C21-275A986A5F54}.Debug|ARM64.Build.0 = Debug|Any CPU
		{C869BBDD-0E5B-4CA4-9C21-275A986A5F54}.Debug|x64.ActiveCfg = Debug|Any CPU
		{C869BBDD-0E5B-4CA4-9C21-275A986A5F54}.Debug|x64.Build.0 = Debug|Any CPU
		{C869BBDD-0E5B-4CA4-9C21-275A986A5F54}.Debug|x86.ActiveCfg = Debug|Any CPU
		{C869BBDD-0E5B-4CA4-9C21-275A986A5F54}.Debug|x86.Build.0 = Debug|Any CPU
		{C869BBDD-0E5B-4CA4-9C21-275A986A5F54}.Release|Any CPU.ActiveCfg = Release|Any CPU
		{C869BBDD-0E5B-4CA4-9C21-275A986A5F54}.Release|Any CPU.Build.0 = Release|Any CPU
		{C869BBDD-0E5B-4CA4-9C21-275A986A5F54}.Release|ARM.ActiveCfg = Release|Any CPU
		{C869BBDD-0E5B-4CA4-9C21-275A986A5F54}.Release|ARM.Build.0 = Release|Any CPU
		{C869BBDD-0E5B-4CA4-9C21-275A986A5F54}.Release|ARM64.ActiveCfg = Release|Any CPU
		{C869BBDD-0E5B-4CA4-9C21-275A986A5F54}.Release|ARM64.Build.0 = Release|Any CPU
		{C869BBDD-0E5B-4CA4-9C21-275A986A5F54}.Release|x64.ActiveCfg = Release|Any CPU
		{C869BBDD-0E5B-4CA4-9C21-275A986A5F54}.Release|x64.Build.0 = Release|Any CPU
		{C869BBDD-0E5B-4CA4-9C21-275A986A5F54}.Release|x86.ActiveCfg = Release|Any CPU
		{C869BBDD-0E5B-4CA4-9C21-275A986A5F54}.Release|x86.Build.0 = Release|Any CPU
		{EFD94D21-23FD-4B80-A138-DD76F0B53B99}.Debug|Any CPU.ActiveCfg = Debug|Win32
		{EFD94D21-23FD-4B80-A138-DD76F0B53B99}.Debug|ARM.ActiveCfg = Debug|Win32
		{EFD94D21-23FD-4B80-A138-DD76F0B53B99}.Debug|ARM64.ActiveCfg = Debug|Win32
		{EFD94D21-23FD-4B80-A138-DD76F0B53B99}.Debug|x64.ActiveCfg = Debug|x64
		{EFD94D21-23FD-4B80-A138-DD76F0B53B99}.Debug|x64.Build.0 = Debug|x64
		{EFD94D21-23FD-4B80-A138-DD76F0B53B99}.Debug|x86.ActiveCfg = Debug|Win32
		{EFD94D21-23FD-4B80-A138-DD76F0B53B99}.Debug|x86.Build.0 = Debug|Win32
		{EFD94D21-23FD-4B80-A138-DD76F0B53B99}.Release|Any CPU.ActiveCfg = Release|Win32
		{EFD94D21-23FD-4B80-A138-DD76F0B53B99}.Release|ARM.ActiveCfg = Release|Win32
		{EFD94D21-23FD-4B80-A138-DD76F0B53B99}.Release|ARM64.ActiveCfg = Release|Win32
		{EFD94D21-23FD-4B80-A138-DD76F0B53B99}.Release|x64.ActiveCfg = Release|x64
		{EFD94D21-23FD-4B80-A138-DD76F0B53B99}.Release|x64.Build.0 = Release|x64
		{EFD94D21-23FD-4B80-A138-DD76F0B53B99}.Release|x86.ActiveCfg = Release|Win32
		{EFD94D21-23FD-4B80-A138-DD76F0B53B99}.Release|x86.Build.0 = Release|Win32
		{DB4550FB-B9AA-485C-B006-CBE2AB116148}.Debug|Any CPU.ActiveCfg = Debug|Win32
		{DB4550FB-B9AA-485C-B006-CBE2AB116148}.Debug|ARM.ActiveCfg = Debug|Win32
		{DB4550FB-B9AA-485C-B006-CBE2AB116148}.Debug|ARM64.ActiveCfg = Debug|Win32
		{DB4550FB-B9AA-485C-B006-CBE2AB116148}.Debug|x64.ActiveCfg = Debug|x64
		{DB4550FB-B9AA-485C-B006-CBE2AB116148}.Debug|x64.Build.0 = Debug|x64
		{DB4550FB-B9AA-485C-B006-CBE2AB116148}.Debug|x86.ActiveCfg = Debug|Win32
		{DB4550FB-B9AA-485C-B006-CBE2AB116148}.Debug|x86.Build.0 = Debug|Win32
		{DB4550FB-B9AA-485C-B006-CBE2AB116148}.Release|Any CPU.ActiveCfg = Release|Win32
		{DB4550FB-B9AA-485C-B006-CBE2AB116148}.Release|ARM.ActiveCfg = Release|Win32
		{DB4550FB-B9AA-485C-B006-CBE2AB116148}.Release|ARM64.ActiveCfg = Release|Win32
		{DB4550FB-B9AA-485C-B006-CBE2AB116148}.Release|x64.ActiveCfg = Release|x64
		{DB4550FB-B9AA-485C-B006-CBE2AB116148}.Release|x64.Build.0 = Release|x64
		{DB4550FB-B9AA-485C-B006-CBE2AB116148}.Release|x86.ActiveCfg = Release|Win32
		{DB4550FB-B9AA-485C-B006-CBE2AB116148}.Release|x86.Build.0 = Release|Win32
		{DCD05BDA-741C-41E7-9B38-3E5035AA252B}.Debug|Any CPU.ActiveCfg = Debug|Win32
		{DCD05BDA-741C-41E7-9B38-3E5035AA252B}.Debug|ARM.ActiveCfg = Debug|Win32
		{DCD05BDA-741C-41E7-9B38-3E5035AA252B}.Debug|ARM64.ActiveCfg = Debug|Win32
		{DCD05BDA-741C-41E7-9B38-3E5035AA252B}.Debug|x64.ActiveCfg = Debug|x64
		{DCD05BDA-741C-41E7-9B38-3E5035AA252B}.Debug|x64.Build.0 = Debug|x64
		{DCD05BDA-741C-41E7-9B38-3E5035AA252B}.Debug|x86.ActiveCfg = Debug|Win32
		{DCD05BDA-741C-41E7-9B38-3E5035AA252B}.Debug|x86.Build.0 = Debug|Win32
		{DCD05BDA-741C-41E7-9B38-3E5035AA252B}.Release|Any CPU.ActiveCfg = Release|Win32
		{DCD05BDA-741C-41E7-9B38-3E5035AA252B}.Release|ARM.ActiveCfg = Release|Win32
		{DCD05BDA-741C-41E7-9B38-3E5035AA252B}.Release|ARM64.ActiveCfg = Release|Win32
		{DCD05BDA-741C-41E7-9B38-3E5035AA252B}.Release|x64.ActiveCfg = Release|x64
		{DCD05BDA-741C-41E7-9B38-3E5035AA252B}.Release|x64.Build.0 = Release|x64
		{DCD05BDA-741C-41E7-9B38-3E5035AA252B}.Release|x86.ActiveCfg = Release|Win32
		{DCD05BDA-741C-41E7-9B38-3E5035AA252B}.Release|x86.Build.0 = Release|Win32
		{6B4DBC8C-7192-4E18-A999-3EE6F8D304AF}.Debug|Any CPU.ActiveCfg = Debug|Win32
		{6B4DBC8C-7192-4E18-A999-3EE6F8D304AF}.Debug|ARM.ActiveCfg = Debug|Win32
		{6B4DBC8C-7192-4E18-A999-3EE6F8D304AF}.Debug|ARM64.ActiveCfg = Debug|Win32
		{6B4DBC8C-7192-4E18-A999-3EE6F8D304AF}.Debug|x64.ActiveCfg = Debug|x64
		{6B4DBC8C-7192-4E18-A999-3EE6F8D304AF}.Debug|x64.Build.0 = Debug|x64
		{6B4DBC8C-7192-4E18-A999-3EE6F8D304AF}.Debug|x86.ActiveCfg = Debug|Win32
		{6B4DBC8C-7192-4E18-A999-3EE6F8D304AF}.Debug|x86.Build.0 = Debug|Win32
		{6B4DBC8C-7192-4E18-A999-3EE6F8D304AF}.Release|Any CPU.ActiveCfg = Release|Win32
		{6B4DBC8C-7192-4E18-A999-3EE6F8D304AF}.Release|ARM.ActiveCfg = Release|Win32
		{6B4DBC8C-7192-4E18-A999-3EE6F8D304AF}.Release|ARM64.ActiveCfg = Release|Win32
		{6B4DBC8C-7192-4E18-A999-3EE6F8D304AF}.Release|x64.ActiveCfg = Release|x64
		{6B4DBC8C-7192-4E18-A999-3EE6F8D304AF}.Release|x64.Build.0 = Release|x64
		{6B4DBC8C-7192-4E18-A999-3EE6F8D304AF}.Release|x86.ActiveCfg = Release|Win32
		{6B4DBC8C-7192-4E18-A999-3EE6F8D304AF}.Release|x86.Build.0 = Release|Win32
		{A295DF02-722B-4234-A354-BCA28D933912}.Debug|Any CPU.ActiveCfg = Debug|Win32
		{A295DF02-722B-4234-A354-BCA28D933912}.Debug|ARM.ActiveCfg = Debug|Win32
		{A295DF02-722B-4234-A354-BCA28D933912}.Debug|ARM64.ActiveCfg = Debug|Win32
		{A295DF02-722B-4234-A354-BCA28D933912}.Debug|x64.ActiveCfg = Debug|x64
		{A295DF02-722B-4234-A354-BCA28D933912}.Debug|x64.Build.0 = Debug|x64
		{A295DF02-722B-4234-A354-BCA28D933912}.Debug|x86.ActiveCfg = Debug|Win32
		{A295DF02-722B-4234-A354-BCA28D933912}.Debug|x86.Build.0 = Debug|Win32
		{A295DF02-722B-4234-A354-BCA28D933912}.Release|Any CPU.ActiveCfg = Release|Win32
		{A295DF02-722B-4234-A354-BCA28D933912}.Release|ARM.ActiveCfg = Release|Win32
		{A295DF02-722B-4234-A354-BCA28D933912}.Release|ARM64.ActiveCfg = Release|Win32
		{A295DF02-722B-4234-A354-BCA28D933912}.Release|x64.ActiveCfg = Release|x64
		{A295DF02-722B-4234-A354-BCA28D933912}.Release|x64.Build.0 = Release|x64
		{A295DF02-722B-4234-A354-BCA28D933912}.Release|x86.ActiveCfg = Release|Win32
		{A295DF02-722B-4234-A354-BCA28D933912}.Release|x86.Build.0 = Release|Win32
		{1674BE46-F0E6-461D-8E47-C2E71411B45A}.Debug|Any CPU.ActiveCfg = Debug|Win32
		{1674BE46-F0E6-461D-8E47-C2E71411B45A}.Debug|ARM.ActiveCfg = Debug|Win32
		{1674BE46-F0E6-461D-8E47-C2E71411B45A}.Debug|ARM64.ActiveCfg = Debug|Win32
		{1674BE46-F0E6-461D-8E47-C2E71411B45A}.Debug|x64.ActiveCfg = Debug|x64
		{1674BE46-F0E6-461D-8E47-C2E71411B45A}.Debug|x64.Build.0 = Debug|x64
		{1674BE46-F0E6-461D-8E47-C2E71411B45A}.Debug|x86.ActiveCfg = Debug|Win32
		{1674BE46-F0E6-461D-8E47-C2E71411B45A}.Debug|x86.Build.0 = Debug|Win32
		{1674BE46-F0E6-461D-8E47-C2E71411B45A}.Release|Any CPU.ActiveCfg = Release|Win32
		{1674BE46-F0E6-461D-8E47-C2E71411B45A}.Release|ARM.ActiveCfg = Release|Win32
		{1674BE46-F0E6-461D-8E47-C2E71411B45A}.Release|ARM64.ActiveCfg = Release|Win32
		{1674BE46-F0E6-461D-8E47-C2E71411B45A}.Release|x64.ActiveCfg = Release|x64
		{1674BE46-F0E6-461D-8E47-C2E71411B45A}.Release|x64.Build.0 = Release|x64
		{1674BE46-F0E6-461D-8E47-C2E71411B45A}.Release|x86.ActiveCfg = Release|Win32
		{1674BE46-F0E6-461D-8E47-C2E71411B45A}.Release|x86.Build.0 = Release|Win32
		{17AF6FFF-1768-419E-9C52-35BADD2420EE}.Debug|Any CPU.ActiveCfg = Debug|Win32
		{17AF6FFF-1768-419E-9C52-35BADD2420EE}.Debug|ARM.ActiveCfg = Debug|Win32
		{17AF6FFF-1768-419E-9C52-35BADD2420EE}.Debug|ARM64.ActiveCfg = Debug|Win32
		{17AF6FFF-1768-419E-9C52-35BADD2420EE}.Debug|x64.ActiveCfg = Debug|x64
		{17AF6FFF-1768-419E-9C52-35BADD2420EE}.Debug|x64.Build.0 = Debug|x64
		{17AF6FFF-1768-419E-9C52-35BADD2420EE}.Debug|x86.ActiveCfg = Debug|Win32
		{17AF6FFF-1768-419E-9C52-35BADD2420EE}.Debug|x86.Build.0 = Debug|Win32
		{17AF6FFF-1768-419E-9C52-35BADD2420EE}.Release|Any CPU.ActiveCfg = Release|Win32
		{17AF6FFF-1768-419E-9C52-35BADD2420EE}.Release|ARM.ActiveCfg = Release|Win32
		{17AF6FFF-1768-419E-9C52-35BADD2420EE}.Release|ARM64.ActiveCfg = Release|Win32
		{17AF6FFF-1768-419E-9C52-35BADD2420EE}.Release|x64.ActiveCfg = Release|x64
		{17AF6FFF-1768-419E-9C52-35BADD2420EE}.Release|x64.Build.0 = Release|x64
		{17AF6FFF-1768-419E-9C52-35BADD2420EE}.Release|x86.ActiveCfg = Release|Win32
		{17AF6FFF-1768-419E-9C52-35BADD2420EE}.Release|x86.Build.0 = Release|Win32
		{CA7AAA96-E63F-4EBF-AC55-9E1D452561BB}.Debug|Any CPU.ActiveCfg = Debug|Win32
		{CA7AAA96-E63F-4EBF-AC55-9E1D452561BB}.Debug|ARM.ActiveCfg = Debug|Win32
		{CA7AAA96-E63F-4EBF-AC55-9E1D452561BB}.Debug|ARM64.ActiveCfg = Debug|Win32
		{CA7AAA96-E63F-4EBF-AC55-9E1D452561BB}.Debug|x64.ActiveCfg = Debug|x64
		{CA7AAA96-E63F-4EBF-AC55-9E1D452561BB}.Debug|x64.Build.0 = Debug|x64
		{CA7AAA96-E63F-4EBF-AC55-9E1D452561BB}.Debug|x86.ActiveCfg = Debug|Win32
		{CA7AAA96-E63F-4EBF-AC55-9E1D452561BB}.Debug|x86.Build.0 = Debug|Win32
		{CA7AAA96-E63F-4EBF-AC55-9E1D452561BB}.Release|Any CPU.ActiveCfg = Release|Win32
		{CA7AAA96-E63F-4EBF-AC55-9E1D452561BB}.Release|ARM.ActiveCfg = Release|Win32
		{CA7AAA96-E63F-4EBF-AC55-9E1D452561BB}.Release|ARM64.ActiveCfg = Release|Win32
		{CA7AAA96-E63F-4EBF-AC55-9E1D452561BB}.Release|x64.ActiveCfg = Release|x64
		{CA7AAA96-E63F-4EBF-AC55-9E1D452561BB}.Release|x64.Build.0 = Release|x64
		{CA7AAA96-E63F-4EBF-AC55-9E1D452561BB}.Release|x86.ActiveCfg = Release|Win32
		{CA7AAA96-E63F-4EBF-AC55-9E1D452561BB}.Release|x86.Build.0 = Release|Win32
		{AD363638-C359-4A00-A7D6-A5DD56CA2ACC}.Debug|Any CPU.ActiveCfg = Debug|Win32
		{AD363638-C359-4A00-A7D6-A5DD56CA2ACC}.Debug|ARM.ActiveCfg = Debug|Win32
		{AD363638-C359-4A00-A7D6-A5DD56CA2ACC}.Debug|ARM64.ActiveCfg = Debug|Win32
		{AD363638-C359-4A00-A7D6-A5DD56CA2ACC}.Debug|x64.ActiveCfg = Debug|x64
		{AD363638-C359-4A00-A7D6-A5DD56CA2ACC}.Debug|x64.Build.0 = Debug|x64
		{AD363638-C359-4A00-A7D6-A5DD56CA2ACC}.Debug|x86.ActiveCfg = Debug|Win32
		{AD363638-C359-4A00-A7D6-A5DD56CA2ACC}.Debug|x86.Build.0 = Debug|Win32
		{AD363638-C359-4A00-A7D6-A5DD56CA2ACC}.Release|Any CPU.ActiveCfg = Release|Win32
		{AD363638-C359-4A00-A7D6-A5DD56CA2ACC}.Release|ARM.ActiveCfg = Release|Win32
		{AD363638-C359-4A00-A7D6-A5DD56CA2ACC}.Release|ARM64.ActiveCfg = Release|Win32
		{AD363638-C359-4A00-A7D6-A5DD56CA2ACC}.Release|x64.ActiveCfg = Release|x64
		{AD363638-C359-4A00-A7D6-A5DD56CA2ACC}.Release|x64.Build.0 = Release|x64
		{AD363638-C359-4A00-A7D6-A5DD56CA2ACC}.Release|x86.ActiveCfg = Release|Win32
		{AD363638-C359-4A00-A7D6-A5DD56CA2ACC}.Release|x86.Build.0 = Release|Win32
		{E77DDCB3-8542-4A59-99CB-84A3D12918B5}.Debug|Any CPU.ActiveCfg = Debug|Win32
		{E77DDCB3-8542-4A59-99CB-84A3D12918B5}.Debug|ARM.ActiveCfg = Debug|Win32
		{E77DDCB3-8542-4A59-99CB-84A3D12918B5}.Debug|ARM64.ActiveCfg = Debug|Win32
		{E77DDCB3-8542-4A59-99CB-84A3D12918B5}.Debug|x64.ActiveCfg = Debug|x64
		{E77DDCB3-8542-4A59-99CB-84A3D12918B5}.Debug|x64.Build.0 = Debug|x64
		{E77DDCB3-8542-4A59-99CB-84A3D12918B5}.Debug|x86.ActiveCfg = Debug|Win32
		{E77DDCB3-8542-4A59-99CB-84A3D12918B5}.Debug|x86.Build.0 = Debug|Win32
		{E77DDCB3-8542-4A59-99CB-84A3D12918B5}.Release|Any CPU.ActiveCfg = Release|Win32
		{E77DDCB3-8542-4A59-99CB-84A3D12918B5}.Release|ARM.ActiveCfg = Release|Win32
		{E77DDCB3-8542-4A59-99CB-84A3D12918B5}.Release|ARM64.ActiveCfg = Release|Win32
		{E77DDCB3-8542-4A59-99CB-84A3D12918B5}.Release|x64.ActiveCfg = Release|x64
		{E77DDCB3-8542-4A59-99CB-84A3D12918B5}.Release|x64.Build.0 = Release|x64
		{E77DDCB3-8542-4A59-99CB-84A3D12918B5}.Release|x86.ActiveCfg = Release|Win32
		{E77DDCB3-8542-4A59-99CB-84A3D12918B5}.Release|x86.Build.0 = Release|Win32
		{92C9E169-F16C-4222-9A6A-02EFDD51C9C0}.Debug|Any CPU.ActiveCfg = Debug|Win32
		{92C9E169-F16C-4222-9A6A-02EFDD51C9C0}.Debug|ARM.ActiveCfg = Debug|Win32
		{92C9E169-F16C-4222-9A6A-02EFDD51C9C0}.Debug|ARM64.ActiveCfg = Debug|Win32
		{92C9E169-F16C-4222-9A6A-02EFDD51C9C0}.Debug|x64.ActiveCfg = Debug|x64
		{92C9E169-F16C-4222-9A6A-02EFDD51C9C0}.Debug|x64.Build.0 = Debug|x64
		{92C9E169-F16C-4222-9A6A-02EFDD51C9C0}.Debug|x86.ActiveCfg = Debug|Win32
		{92C9E169-F16C-4222-9A6A-02EFDD51C9C0}.Debug|x86.Build.0 = Debug|Win32
		{92C9E169-F16C-4222-9A6A-02EFDD51C9C0}.Release|Any CPU.ActiveCfg = Release|Win32
		{92C9E169-F16C-4222-9A6A-02EFDD51C9C0}.Release|ARM.ActiveCfg = Release|Win32
		{92C9E169-F16C-4222-9A6A-02EFDD51C9C0}.Release|ARM64.ActiveCfg = Release|Win32
		{92C9E169-F16C-4222-9A6A-02EFDD51C9C0}.Release|x64.ActiveCfg = Release|x64
		{92C9E169-F16C-4222-9A6A-02EFDD51C9C0}.Release|x64.Build.0 = Release|x64
		{92C9E169-F16C-4222-9A6A-02EFDD51C9C0}.Release|x86.ActiveCfg = Release|Win32
		{92C9E169-F16C-4222-9A6A-02EFDD51C9C0}.Release|x86.Build.0 = Release|Win32
		{2AB663D5-4BFB-4E03-A37D-FE9C160B5F88}.Debug|Any CPU.ActiveCfg = Debug|Win32
		{2AB663D5-4BFB-4E03-A37D-FE9C160B5F88}.Debug|ARM.ActiveCfg = Debug|Win32
		{2AB663D5-4BFB-4E03-A37D-FE9C160B5F88}.Debug|ARM64.ActiveCfg = Debug|Win32
		{2AB663D5-4BFB-4E03-A37D-FE9C160B5F88}.Debug|x64.ActiveCfg = Debug|x64
		{2AB663D5-4BFB-4E03-A37D-FE9C160B5F88}.Debug|x64.Build.0 = Debug|x64
		{2AB663D5-4BFB-4E03-A37D-FE9C160B5F88}.Debug|x86.ActiveCfg = Debug|Win32
		{2AB663D5-4BFB-4E03-A37D-FE9C160B5F88}.Debug|x86.Build.0 = Debug|Win32
		{2AB663D5-4BFB-4E03-A37D-FE9C160B5F88}.Release|Any CPU.ActiveCfg = Release|Win32
		{2AB663D5-4BFB-4E03-A37D-FE9C160B5F88}.Release|ARM.ActiveCfg = Release|Win32
		{2AB663D5-4BFB-4E03-A37D-FE9C160B5F88}.Release|ARM64.ActiveCfg = Release|Win32
		{2AB663D5-4BFB-4E03-A37D-FE9C160B5F88}.Release|x64.ActiveCfg = Release|x64
		{2AB663D5-4BFB-4E03-A37D-FE9C160B5F88}.Release|x64.Build.0 = Release|x64
		{2AB663D5-4BFB-4E03-A37D-FE9C160B5F88}.Release|x86.ActiveCfg = Release|Win32
		{2AB663D5-4BFB-4E03-A37D-FE9C160B5F88}.Release|x86.Build.0 = Release|Win32
		{69205834-E49C-44C0-ABB4-120B2728516C}.Debug|Any CPU.ActiveCfg = Debug|x86
		{69205834-E49C-44C0-ABB4-120B2728516C}.Debug|ARM.ActiveCfg = Debug|ARM
		{69205834-E49C-44C0-ABB4-120B2728516C}.Debug|ARM.Build.0 = Debug|ARM
		{69205834-E49C-44C0-ABB4-120B2728516C}.Debug|ARM.Deploy.0 = Debug|ARM
		{69205834-E49C-44C0-ABB4-120B2728516C}.Debug|ARM64.ActiveCfg = Debug|ARM64
		{69205834-E49C-44C0-ABB4-120B2728516C}.Debug|ARM64.Build.0 = Debug|ARM64
		{69205834-E49C-44C0-ABB4-120B2728516C}.Debug|ARM64.Deploy.0 = Debug|ARM64
		{69205834-E49C-44C0-ABB4-120B2728516C}.Debug|x64.ActiveCfg = Debug|x64
		{69205834-E49C-44C0-ABB4-120B2728516C}.Debug|x64.Build.0 = Debug|x64
		{69205834-E49C-44C0-ABB4-120B2728516C}.Debug|x64.Deploy.0 = Debug|x64
		{69205834-E49C-44C0-ABB4-120B2728516C}.Debug|x86.ActiveCfg = Debug|x86
		{69205834-E49C-44C0-ABB4-120B2728516C}.Debug|x86.Build.0 = Debug|x86
		{69205834-E49C-44C0-ABB4-120B2728516C}.Debug|x86.Deploy.0 = Debug|x86
		{69205834-E49C-44C0-ABB4-120B2728516C}.Release|Any CPU.ActiveCfg = Release|x86
		{69205834-E49C-44C0-ABB4-120B2728516C}.Release|ARM.ActiveCfg = Release|ARM
		{69205834-E49C-44C0-ABB4-120B2728516C}.Release|ARM.Build.0 = Release|ARM
		{69205834-E49C-44C0-ABB4-120B2728516C}.Release|ARM.Deploy.0 = Release|ARM
		{69205834-E49C-44C0-ABB4-120B2728516C}.Release|ARM64.ActiveCfg = Release|ARM64
		{69205834-E49C-44C0-ABB4-120B2728516C}.Release|ARM64.Build.0 = Release|ARM64
		{69205834-E49C-44C0-ABB4-120B2728516C}.Release|ARM64.Deploy.0 = Release|ARM64
		{69205834-E49C-44C0-ABB4-120B2728516C}.Release|x64.ActiveCfg = Release|x64
		{69205834-E49C-44C0-ABB4-120B2728516C}.Release|x64.Build.0 = Release|x64
		{69205834-E49C-44C0-ABB4-120B2728516C}.Release|x64.Deploy.0 = Release|x64
		{69205834-E49C-44C0-ABB4-120B2728516C}.Release|x86.ActiveCfg = Release|x86
		{69205834-E49C-44C0-ABB4-120B2728516C}.Release|x86.Build.0 = Release|x86
		{69205834-E49C-44C0-ABB4-120B2728516C}.Release|x86.Deploy.0 = Release|x86
		{FC524BFF-6E82-43A3-869D-DF20D705C8EA}.Debug|Any CPU.ActiveCfg = Debug|Win32
		{FC524BFF-6E82-43A3-869D-DF20D705C8EA}.Debug|ARM.ActiveCfg = Debug|Win32
		{FC524BFF-6E82-43A3-869D-DF20D705C8EA}.Debug|ARM64.ActiveCfg = Debug|Win32
		{FC524BFF-6E82-43A3-869D-DF20D705C8EA}.Debug|x64.ActiveCfg = Debug|x64
		{FC524BFF-6E82-43A3-869D-DF20D705C8EA}.Debug|x64.Build.0 = Debug|x64
		{FC524BFF-6E82-43A3-869D-DF20D705C8EA}.Debug|x86.ActiveCfg = Debug|Win32
		{FC524BFF-6E82-43A3-869D-DF20D705C8EA}.Debug|x86.Build.0 = Debug|Win32
		{FC524BFF-6E82-43A3-869D-DF20D705C8EA}.Release|Any CPU.ActiveCfg = Release|Win32
		{FC524BFF-6E82-43A3-869D-DF20D705C8EA}.Release|ARM.ActiveCfg = Release|Win32
		{FC524BFF-6E82-43A3-869D-DF20D705C8EA}.Release|ARM64.ActiveCfg = Release|Win32
		{FC524BFF-6E82-43A3-869D-DF20D705C8EA}.Release|x64.ActiveCfg = Release|x64
		{FC524BFF-6E82-43A3-869D-DF20D705C8EA}.Release|x64.Build.0 = Release|x64
		{FC524BFF-6E82-43A3-869D-DF20D705C8EA}.Release|x86.ActiveCfg = Release|Win32
		{FC524BFF-6E82-43A3-869D-DF20D705C8EA}.Release|x86.Build.0 = Release|Win32
		{58BA8F3B-C111-41D9-9A7C-EAAE7E248396}.Debug|Any CPU.ActiveCfg = Debug|Win32
		{58BA8F3B-C111-41D9-9A7C-EAAE7E248396}.Debug|ARM.ActiveCfg = Debug|Win32
		{58BA8F3B-C111-41D9-9A7C-EAAE7E248396}.Debug|ARM64.ActiveCfg = Debug|Win32
		{58BA8F3B-C111-41D9-9A7C-EAAE7E248396}.Debug|x64.ActiveCfg = Debug|x64
		{58BA8F3B-C111-41D9-9A7C-EAAE7E248396}.Debug|x64.Build.0 = Debug|x64
		{58BA8F3B-C111-41D9-9A7C-EAAE7E248396}.Debug|x86.ActiveCfg = Debug|Win32
		{58BA8F3B-C111-41D9-9A7C-EAAE7E248396}.Debug|x86.Build.0 = Debug|Win32
		{58BA8F3B-C111-41D9-9A7C-EAAE7E248396}.Release|Any CPU.ActiveCfg = Release|Win32
		{58BA8F3B-C111-41D9-9A7C-EAAE7E248396}.Release|ARM.ActiveCfg = Release|Win32
		{58BA8F3B-C111-41D9-9A7C-EAAE7E248396}.Release|ARM64.ActiveCfg = Release|Win32
		{58BA8F3B-C111-41D9-9A7C-EAAE7E248396}.Release|x64.ActiveCfg = Release|x64
		{58BA8F3B-C111-41D9-9A7C-EAAE7E248396}.Release|x64.Build.0 = Release|x64
		{58BA8F3B-C111-41D9-9A7C-EAAE7E248396}.Release|x86.ActiveCfg = Release|Win32
		{58BA8F3B-C111-41D9-9A7C-EAAE7E248396}.Release|x86.Build.0 = Release|Win32
	EndGlobalSection
	GlobalSection(SolutionProperties) = preSolution
		HideSolutionNode = FALSE
	EndGlobalSection
	GlobalSection(ExtensibilityGlobals) = postSolution
		SolutionGuid = {3A598247-B831-4892-8397-886BDF5C8CAC}
	EndGlobalSection
EndGlobal
